
Microsoft Visual Studio Solution File, Format Version 12.00
# Visual Studio 15
Project("{FAE04EC0-301F-11D3-BF4B-00C04F79EFBC}") = "Assembly-CSharp", "Assembly-CSharp.csproj", "{8145B3A8-CDEC-48A9-3F72-63A710C79E28}"
EndProject
Project("{FAE04EC0-301F-11D3-BF4B-00C04F79EFBC}") = "Assembly-CSharp-firstpass", "Assembly-CSharp-firstpass.csproj", "{FA39BD83-C0D4-BF1F-029C-B00FBEEE6B3D}"
EndProject
Project("{FAE04EC0-301F-11D3-BF4B-00C04F79EFBC}") = "Assembly-CSharp-Editor-firstpass", "Assembly-CSharp-Editor-firstpass.csproj", "{99D246D2-F7C8-F36E-06E0-385350886079}"
EndProject
Global
	GlobalSection(SolutionConfigurationPlatforms) = preSolution
		Debug|Any CPU = Debug|Any CPU
		Release|Any CPU = Release|Any CPU
	EndGlobalSection
	GlobalSection(ProjectConfigurationPlatforms) = postSolution
		{8145B3A8-CDEC-48A9-3F72-63A710C79E28}.Debug|Any CPU.ActiveCfg = Debug|Any CPU
		{8145B3A8-CDEC-48A9-3F72-63A710C79E28}.Debug|Any CPU.Build.0 = Debug|Any CPU
		{8145B3A8-CDEC-48A9-3F72-63A710C79E28}.Release|Any CPU.ActiveCfg = Release|Any CPU
		{8145B3A8-CDEC-48A9-3F72-63A710C79E28}.Release|Any CPU.Build.0 = Release|Any CPU
		{FA39BD83-C0D4-BF1F-029C-B00FBEEE6B3D}.Debug|Any CPU.ActiveCfg = Debug|Any CPU
		{FA39BD83-C0D4-BF1F-029C-B00FBEEE6B3D}.Debug|Any CPU.Build.0 = Debug|Any CPU
		{FA39BD83-C0D4-BF1F-029C-B00FBEEE6B3D}.Release|Any CPU.ActiveCfg = Release|Any CPU
		{FA39BD83-C0D4-BF1F-029C-B00FBEEE6B3D}.Release|Any CPU.Build.0 = Release|Any CPU
		{99D246D2-F7C8-F36E-06E0-385350886079}.Debug|Any CPU.ActiveCfg = Debug|Any CPU
		{99D246D2-F7C8-F36E-06E0-385350886079}.Debug|Any CPU.Build.0 = Debug|Any CPU
		{99D246D2-F7C8-F36E-06E0-385350886079}.Release|Any CPU.ActiveCfg = Release|Any CPU
		{99D246D2-F7C8-F36E-06E0-385350886079}.Release|Any CPU.Build.0 = Release|Any CPU
	EndGlobalSection
	GlobalSection(SolutionProperties) = preSolution
		HideSolutionNode = FALSE
	EndGlobalSection
EndGlobal
